// !$*UTF8*$!
{
	archiveVersion = 1;
	classes = {
	};
	objectVersion = 46;
	objects = {

/* Begin PBXBuildFile section */
		A544A2C61C33154100FAE8AE /* sampler.cpp in Sources */ = {isa = PBXBuildFile; fileRef = A544A2C41C33154100FAE8AE /* sampler.cpp */; };
		A55132D11C35D66200BA3980 /* log_likelihood.cpp in Sources */ = {isa = PBXBuildFile; fileRef = A55132CF1C35D66200BA3980 /* log_likelihood.cpp */; };
		A563A55B1C2E3F2100D4AF3F /* main.cpp in Sources */ = {isa = PBXBuildFile; fileRef = A563A55A1C2E3F2100D4AF3F /* main.cpp */; };
		A5D0DB4E1C307F64001564AF /* tensor.cpp in Sources */ = {isa = PBXBuildFile; fileRef = A5D0DB4C1C307F64001564AF /* tensor.cpp */; };
/* End PBXBuildFile section */

/* Begin PBXCopyFilesBuildPhase section */
		A563A5551C2E3F2100D4AF3F /* CopyFiles */ = {
			isa = PBXCopyFilesBuildPhase;
			buildActionMask = 2147483647;
			dstPath = /usr/share/man/man1/;
			dstSubfolderSpec = 0;
			files = (
			);
			runOnlyForDeploymentPostprocessing = 1;
		};
/* End PBXCopyFilesBuildPhase section */

/* Begin PBXFileReference section */
		A544A2C41C33154100FAE8AE /* sampler.cpp */ = {isa = PBXFileReference; fileEncoding = 4; lastKnownFileType = sourcecode.cpp.cpp; path = sampler.cpp; sourceTree = "<group>"; };
		A544A2C51C33154100FAE8AE /* sampler.hpp */ = {isa = PBXFileReference; fileEncoding = 4; lastKnownFileType = sourcecode.cpp.h; path = sampler.hpp; sourceTree = "<group>"; };
		A55132CF1C35D66200BA3980 /* log_likelihood.cpp */ = {isa = PBXFileReference; fileEncoding = 4; lastKnownFileType = sourcecode.cpp.cpp; path = log_likelihood.cpp; sourceTree = "<group>"; };
		A55132D01C35D66200BA3980 /* log_likelihood.hpp */ = {isa = PBXFileReference; fileEncoding = 4; lastKnownFileType = sourcecode.cpp.h; path = log_likelihood.hpp; sourceTree = "<group>"; };
		A563A5571C2E3F2100D4AF3F /* BayesianProbTensorDecomp */ = {isa = PBXFileReference; explicitFileType = "compiled.mach-o.executable"; includeInIndex = 0; path = BayesianProbTensorDecomp; sourceTree = BUILT_PRODUCTS_DIR; };
		A563A55A1C2E3F2100D4AF3F /* main.cpp */ = {isa = PBXFileReference; lastKnownFileType = sourcecode.cpp.cpp; path = main.cpp; sourceTree = "<group>"; };
		A5D0DB4A1C307DC1001564AF /* global_var.hpp */ = {isa = PBXFileReference; fileEncoding = 4; lastKnownFileType = sourcecode.cpp.h; path = global_var.hpp; sourceTree = "<group>"; };
		A5D0DB4C1C307F64001564AF /* tensor.cpp */ = {isa = PBXFileReference; fileEncoding = 4; lastKnownFileType = sourcecode.cpp.cpp; path = tensor.cpp; sourceTree = "<group>"; };
		A5D0DB4D1C307F64001564AF /* tensor.hpp */ = {isa = PBXFileReference; fileEncoding = 4; lastKnownFileType = sourcecode.cpp.h; path = tensor.hpp; sourceTree = "<group>"; };
/* End PBXFileReference section */

/* Begin PBXFrameworksBuildPhase section */
		A563A5541C2E3F2100D4AF3F /* Frameworks */ = {
			isa = PBXFrameworksBuildPhase;
			buildActionMask = 2147483647;
			files = (
			);
			runOnlyForDeploymentPostprocessing = 0;
		};
/* End PBXFrameworksBuildPhase section */

/* Begin PBXGroup section */
		A563A54E1C2E3F2100D4AF3F = {
			isa = PBXGroup;
			children = (
				A563A5591C2E3F2100D4AF3F /* BayesianProbTensorDecomp */,
				A563A5581C2E3F2100D4AF3F /* Products */,
			);
			sourceTree = "<group>";
		};
		A563A5581C2E3F2100D4AF3F /* Products */ = {
			isa = PBXGroup;
			children = (
				A563A5571C2E3F2100D4AF3F /* BayesianProbTensorDecomp */,
			);
			name = Products;
			sourceTree = "<group>";
		};
		A563A5591C2E3F2100D4AF3F /* BayesianProbTensorDecomp */ = {
			isa = PBXGroup;
			children = (
				A563A55A1C2E3F2100D4AF3F /* main.cpp */,
				A5D0DB4A1C307DC1001564AF /* global_var.hpp */,
				A5D0DB4C1C307F64001564AF /* tensor.cpp */,
				A5D0DB4D1C307F64001564AF /* tensor.hpp */,
				A544A2C41C33154100FAE8AE /* sampler.cpp */,
				A55132CF1C35D66200BA3980 /* log_likelihood.cpp */,
				A55132D01C35D66200BA3980 /* log_likelihood.hpp */,
				A544A2C51C33154100FAE8AE /* sampler.hpp */,
			);
			path = BayesianProbTensorDecomp;
			sourceTree = "<group>";
		};
/* End PBXGroup section */

/* Begin PBXNativeTarget section */
		A563A5561C2E3F2100D4AF3F /* BayesianProbTensorDecomp */ = {
			isa = PBXNativeTarget;
			buildConfigurationList = A563A55E1C2E3F2100D4AF3F /* Build configuration list for PBXNativeTarget "BayesianProbTensorDecomp" */;
			buildPhases = (
				A563A5531C2E3F2100D4AF3F /* Sources */,
				A563A5541C2E3F2100D4AF3F /* Frameworks */,
				A563A5551C2E3F2100D4AF3F /* CopyFiles */,
			);
			buildRules = (
			);
			dependencies = (
			);
			name = BayesianProbTensorDecomp;
			productName = BayesianProbTensorDecomp;
			productReference = A563A5571C2E3F2100D4AF3F /* BayesianProbTensorDecomp */;
			productType = "com.apple.product-type.tool";
		};
/* End PBXNativeTarget section */

/* Begin PBXProject section */
		A563A54F1C2E3F2100D4AF3F /* Project object */ = {
			isa = PBXProject;
			attributes = {
				LastUpgradeCheck = 0720;
				ORGANIZATIONNAME = "Rachel Ren";
				TargetAttributes = {
					A563A5561C2E3F2100D4AF3F = {
						CreatedOnToolsVersion = 7.2;
					};
				};
			};
			buildConfigurationList = A563A5521C2E3F2100D4AF3F /* Build configuration list for PBXProject "BayesianProbTensorDecomp" */;
			compatibilityVersion = "Xcode 3.2";
			developmentRegion = English;
			hasScannedForEncodings = 0;
			knownRegions = (
				en,
			);
			mainGroup = A563A54E1C2E3F2100D4AF3F;
			productRefGroup = A563A5581C2E3F2100D4AF3F /* Products */;
			projectDirPath = "";
			projectRoot = "";
			targets = (
				A563A5561C2E3F2100D4AF3F /* BayesianProbTensorDecomp */,
			);
		};
/* End PBXProject section */

/* Begin PBXSourcesBuildPhase section */
		A563A5531C2E3F2100D4AF3F /* Sources */ = {
			isa = PBXSourcesBuildPhase;
			buildActionMask = 2147483647;
			files = (
				A55132D11C35D66200BA3980 /* log_likelihood.cpp in Sources */,
				A563A55B1C2E3F2100D4AF3F /* main.cpp in Sources */,
				A5D0DB4E1C307F64001564AF /* tensor.cpp in Sources */,
				A544A2C61C33154100FAE8AE /* sampler.cpp in Sources */,
			);
			runOnlyForDeploymentPostprocessing = 0;
		};
/* End PBXSourcesBuildPhase section */

/* Begin XCBuildConfiguration section */
		A563A55C1C2E3F2100D4AF3F /* Debug */ = {
			isa = XCBuildConfiguration;
			buildSettings = {
				ALWAYS_SEARCH_USER_PATHS = NO;
				CLANG_CXX_LANGUAGE_STANDARD = "gnu++0x";
				CLANG_CXX_LIBRARY = "libc++";
				CLANG_ENABLE_MODULES = YES;
				CLANG_ENABLE_OBJC_ARC = YES;
				CLANG_WARN_BOOL_CONVERSION = YES;
				CLANG_WARN_CONSTANT_CONVERSION = YES;
				CLANG_WARN_DIRECT_OBJC_ISA_USAGE = YES_ERROR;
				CLANG_WARN_EMPTY_BODY = YES;
				CLANG_WARN_ENUM_CONVERSION = YES;
				CLANG_WARN_INT_CONVERSION = YES;
				CLANG_WARN_OBJC_ROOT_CLASS = YES_ERROR;
				CLANG_WARN_UNREACHABLE_CODE = YES;
				CLANG_WARN__DUPLICATE_METHOD_MATCH = YES;
				CODE_SIGN_IDENTITY = "-";
				COPY_PHASE_STRIP = NO;
				DEBUG_INFORMATION_FORMAT = dwarf;
				ENABLE_STRICT_OBJC_MSGSEND = YES;
				ENABLE_TESTABILITY = YES;
				GCC_C_LANGUAGE_STANDARD = gnu99;
				GCC_DYNAMIC_NO_PIC = NO;
				GCC_NO_COMMON_BLOCKS = YES;
				GCC_OPTIMIZATION_LEVEL = 0;
				GCC_PREPROCESSOR_DEFINITIONS = (
					"DEBUG=1",
					"$(inherited)",
				);
				GCC_WARN_64_TO_32_BIT_CONVERSION = YES;
				GCC_WARN_ABOUT_RETURN_TYPE = YES_ERROR;
				GCC_WARN_UNDECLARED_SELECTOR = YES;
				GCC_WARN_UNINITIALIZED_AUTOS = YES_AGGRESSIVE;
				GCC_WARN_UNUSED_FUNCTION = YES;
				GCC_WARN_UNUSED_VARIABLE = YES;
				MACOSX_DEPLOYMENT_TARGET = 10.10;
				MTL_ENABLE_DEBUG_INFO = YES;
				ONLY_ACTIVE_ARCH = YES;
				SDKROOT = macosx;
			};
			name = Debug;
		};
		A563A55D1C2E3F2100D4AF3F /* Release */ = {
			isa = XCBuildConfiguration;
			buildSettings = {
				ALWAYS_SEARCH_USER_PATHS = NO;
				CLANG_CXX_LANGUAGE_STANDARD = "gnu++0x";
				CLANG_CXX_LIBRARY = "libc++";
				CLANG_ENABLE_MODULES = YES;
				CLANG_ENABLE_OBJC_ARC = YES;
				CLANG_WARN_BOOL_CONVERSION = YES;
				CLANG_WARN_CONSTANT_CONVERSION = YES;
				CLANG_WARN_DIRECT_OBJC_ISA_USAGE = YES_ERROR;
				CLANG_WARN_EMPTY_BODY = YES;
				CLANG_WARN_ENUM_CONVERSION = YES;
				CLANG_WARN_INT_CONVERSION = YES;
				CLANG_WARN_OBJC_ROOT_CLASS = YES_ERROR;
				CLANG_WARN_UNREACHABLE_CODE = YES;
				CLANG_WARN__DUPLICATE_METHOD_MATCH = YES;
				CODE_SIGN_IDENTITY = "-";
				COPY_PHASE_STRIP = NO;
				DEBUG_INFORMATION_FORMAT = "dwarf-with-dsym";
				ENABLE_NS_ASSERTIONS = NO;
				ENABLE_STRICT_OBJC_MSGSEND = YES;
				GCC_C_LANGUAGE_STANDARD = gnu99;
				GCC_NO_COMMON_BLOCKS = YES;
				GCC_WARN_64_TO_32_BIT_CONVERSION = YES;
				GCC_WARN_ABOUT_RETURN_TYPE = YES_ERROR;
				GCC_WARN_UNDECLARED_SELECTOR = YES;
				GCC_WARN_UNINITIALIZED_AUTOS = YES_AGGRESSIVE;
				GCC_WARN_UNUSED_FUNCTION = YES;
				GCC_WARN_UNUSED_VARIABLE = YES;
				MACOSX_DEPLOYMENT_TARGET = 10.10;
				MTL_ENABLE_DEBUG_INFO = NO;
				SDKROOT = macosx;
			};
			name = Release;
		};
		A563A55F1C2E3F2100D4AF3F /* Debug */ = {
			isa = XCBuildConfiguration;
			buildSettings = {
				HEADER_SEARCH_PATHS = "/Users/rachelren/Documents/prob_tensor_decomp/cplusplus/gsl-2.1/";
				LIBRARY_SEARCH_PATHS = /usr/local/lib/;
				PRODUCT_NAME = "$(TARGET_NAME)";
			};
			name = Debug;
		};
		A563A5601C2E3F2100D4AF3F /* Release */ = {
			isa = XCBuildConfiguration;
			buildSettings = {
				HEADER_SEARCH_PATHS = "/Users/rachelren/Documents/prob_tensor_decomp/cplusplus/gsl-2.1/";
				LIBRARY_SEARCH_PATHS = /usr/local/lib/;
				PRODUCT_NAME = "$(TARGET_NAME)";
			};
			name = Release;
		};
/* End XCBuildConfiguration section */

/* Begin XCConfigurationList section */
		A563A5521C2E3F2100D4AF3F /* Build configuration list for PBXProject "BayesianProbTensorDecomp" */ = {
			isa = XCConfigurationList;
			buildConfigurations = (
				A563A55C1C2E3F2100D4AF3F /* Debug */,
				A563A55D1C2E3F2100D4AF3F /* Release */,
			);
			defaultConfigurationIsVisible = 0;
			defaultConfigurationName = Release;
		};
		A563A55E1C2E3F2100D4AF3F /* Build configuration list for PBXNativeTarget "BayesianProbTensorDecomp" */ = {
			isa = XCConfigurationList;
			buildConfigurations = (
				A563A55F1C2E3F2100D4AF3F /* Debug */,
				A563A5601C2E3F2100D4AF3F /* Release */,
			);
			defaultConfigurationIsVisible = 0;
			defaultConfigurationName = Release;
		};
/* End XCConfigurationList section */
	};
	rootObject = A563A54F1C2E3F2100D4AF3F /* Project object */;
}
